
Microsoft Visual Studio Solution File, Format Version 12.00
# Visual Studio 15
VisualStudioVersion = 15.0.28010.2046
MinimumVisualStudioVersion = 10.0.40219.1
Project("{FAE04EC0-301F-11D3-BF4B-00C04F79EFBC}") = "Hayvan Takip Otomasyonu", "Hayvan Takip Otomasyonu\Hayvan Takip Otomasyonu.csproj", "{542A571F-0A3F-4DF5-9B4C-5A51A823EBB3}"
EndProject
Global
	GlobalSection(SolutionConfigurationPlatforms) = preSolution
		Debug|Any CPU = Debug|Any CPU
		Release|Any CPU = Release|Any CPU
	EndGlobalSection
	GlobalSection(ProjectConfigurationPlatforms) = postSolution
		{542A571F-0A3F-4DF5-9B4C-5A51A823EBB3}.Debug|Any CPU.ActiveCfg = Debug|Any CPU
		{542A571F-0A3F-4DF5-9B4C-5A51A823EBB3}.Debug|Any CPU.Build.0 = Debug|Any CPU
		{542A571F-0A3F-4DF5-9B4C-5A51A823EBB3}.Release|Any CPU.ActiveCfg = Release|Any CPU
		{542A571F-0A3F-4DF5-9B4C-5A51A823EBB3}.Release|Any CPU.Build.0 = Release|Any CPU
	EndGlobalSection
	GlobalSection(SolutionProperties) = preSolution
		HideSolutionNode = FALSE
	EndGlobalSection
	GlobalSection(ExtensibilityGlobals) = postSolution
		SolutionGuid = {D636E0CB-6963-4DCF-A16E-4B7A78E26FCC}
	EndGlobalSection
EndGlobal
